
Microsoft Visual Studio Solution File, Format Version 12.00
# Visual Studio Version 16
VisualStudioVersion = 16.0.31515.178
MinimumVisualStudioVersion = 10.0.40219.1
Project("{FAE04EC0-301F-11D3-BF4B-00C04F79EFBC}") = "ficha1_somaValores", "ficha1_somaValores\ficha1_somaValores.csproj", "{EC3D6C10-1291-43DB-93E9-F51C751FB679}"
EndProject
Global
	GlobalSection(SolutionConfigurationPlatforms) = preSolution
		Debug|Any CPU = Debug|Any CPU
		Release|Any CPU = Release|Any CPU
	EndGlobalSection
	GlobalSection(ProjectConfigurationPlatforms) = postSolution
		{EC3D6C10-1291-43DB-93E9-F51C751FB679}.Debug|Any CPU.ActiveCfg = Debug|Any CPU
		{EC3D6C10-1291-43DB-93E9-F51C751FB679}.Debug|Any CPU.Build.0 = Debug|Any CPU
		{EC3D6C10-1291-43DB-93E9-F51C751FB679}.Release|Any CPU.ActiveCfg = Release|Any CPU
		{EC3D6C10-1291-43DB-93E9-F51C751FB679}.Release|Any CPU.Build.0 = Release|Any CPU
	EndGlobalSection
	GlobalSection(SolutionProperties) = preSolution
		HideSolutionNode = FALSE
	EndGlobalSection
	GlobalSection(ExtensibilityGlobals) = postSolution
		SolutionGuid = {02185512-CC18-4B9B-9F36-77F6FD335BE4}
	EndGlobalSection
EndGlobal
